// !$*UTF8*$!
{
	archiveVersion = 1;
	classes = {
	};
	objectVersion = 46;
	objects = {

/* Begin PBXBuildFile section */
		D766446E1D68225600838369 /* AppDelegate.swift in Sources */ = {isa = PBXBuildFile; fileRef = D766446D1D68225600838369 /* AppDelegate.swift */; };
		D76644751D68225600838369 /* Assets.xcassets in Resources */ = {isa = PBXBuildFile; fileRef = D76644741D68225600838369 /* Assets.xcassets */; };
		D76644831D68225600838369 /* __Tests.swift in Sources */ = {isa = PBXBuildFile; fileRef = D76644821D68225600838369 /* __Tests.swift */; };
		D766448E1D68225600838369 /* __UITests.swift in Sources */ = {isa = PBXBuildFile; fileRef = D766448D1D68225600838369 /* __UITests.swift */; };
		D76644A51D68525400838369 /* MainViewController.swift in Sources */ = {isa = PBXBuildFile; fileRef = D76644A41D68525400838369 /* MainViewController.swift */; };
		D76644A71D6852B400838369 /* MainNavgationController.swift in Sources */ = {isa = PBXBuildFile; fileRef = D76644A61D6852B400838369 /* MainNavgationController.swift */; };
		D76644A91D68534800838369 /* BaseViewController.swift in Sources */ = {isa = PBXBuildFile; fileRef = D76644A81D68534800838369 /* BaseViewController.swift */; };
		D76644AB1D68571500838369 /* HomeViewController.swift in Sources */ = {isa = PBXBuildFile; fileRef = D76644AA1D68571500838369 /* HomeViewController.swift */; };
		D76644AD1D68572100838369 /* DiscoverViewController.swift in Sources */ = {isa = PBXBuildFile; fileRef = D76644AC1D68572100838369 /* DiscoverViewController.swift */; };
		D76644AF1D68573700838369 /* MessageViewController.swift in Sources */ = {isa = PBXBuildFile; fileRef = D76644AE1D68573700838369 /* MessageViewController.swift */; };
		D76644B11D68574A00838369 /* ProfileViewController.swift in Sources */ = {isa = PBXBuildFile; fileRef = D76644B01D68574A00838369 /* ProfileViewController.swift */; };
		D76644B31D68980600838369 /* Storyboard.storyboard in Resources */ = {isa = PBXBuildFile; fileRef = D76644B21D68980600838369 /* Storyboard.storyboard */; };
		D7FDDEB11D69D450005FB958 /* DemoViewController.swift in Sources */ = {isa = PBXBuildFile; fileRef = D7FDDEB01D69D450005FB958 /* DemoViewController.swift */; };
		D7FDDEB71D69F450005FB958 /* UIColor+CZAddition.m in Sources */ = {isa = PBXBuildFile; fileRef = D7FDDEB61D69F450005FB958 /* UIColor+CZAddition.m */; };
/* End PBXBuildFile section */

/* Begin PBXContainerItemProxy section */
		D766447F1D68225600838369 /* PBXContainerItemProxy */ = {
			isa = PBXContainerItemProxy;
			containerPortal = D76644621D68225500838369 /* Project object */;
			proxyType = 1;
			remoteGlobalIDString = D76644691D68225500838369;
			remoteInfo = "微博";
		};
		D766448A1D68225600838369 /* PBXContainerItemProxy */ = {
			isa = PBXContainerItemProxy;
			containerPortal = D76644621D68225500838369 /* Project object */;
			proxyType = 1;
			remoteGlobalIDString = D76644691D68225500838369;
			remoteInfo = "微博";
		};
/* End PBXContainerItemProxy section */

/* Begin PBXFileReference section */
		D766446A1D68225500838369 /* 微博.app */ = {isa = PBXFileReference; explicitFileType = wrapper.application; includeInIndex = 0; path = "微博.app"; sourceTree = BUILT_PRODUCTS_DIR; };
		D766446D1D68225600838369 /* AppDelegate.swift */ = {isa = PBXFileReference; lastKnownFileType = sourcecode.swift; path = AppDelegate.swift; sourceTree = "<group>"; };
		D76644741D68225600838369 /* Assets.xcassets */ = {isa = PBXFileReference; lastKnownFileType = folder.assetcatalog; path = Assets.xcassets; sourceTree = "<group>"; };
		D76644791D68225600838369 /* Info.plist */ = {isa = PBXFileReference; lastKnownFileType = text.plist.xml; path = Info.plist; sourceTree = "<group>"; };
		D766447E1D68225600838369 /* 微博Tests.xctest */ = {isa = PBXFileReference; explicitFileType = wrapper.cfbundle; includeInIndex = 0; path = "微博Tests.xctest"; sourceTree = BUILT_PRODUCTS_DIR; };
		D76644821D68225600838369 /* __Tests.swift */ = {isa = PBXFileReference; lastKnownFileType = sourcecode.swift; path = __Tests.swift; sourceTree = "<group>"; };
		D76644841D68225600838369 /* Info.plist */ = {isa = PBXFileReference; lastKnownFileType = text.plist.xml; path = Info.plist; sourceTree = "<group>"; };
		D76644891D68225600838369 /* 微博UITests.xctest */ = {isa = PBXFileReference; explicitFileType = wrapper.cfbundle; includeInIndex = 0; path = "微博UITests.xctest"; sourceTree = BUILT_PRODUCTS_DIR; };
		D766448D1D68225600838369 /* __UITests.swift */ = {isa = PBXFileReference; lastKnownFileType = sourcecode.swift; path = __UITests.swift; sourceTree = "<group>"; };
		D766448F1D68225600838369 /* Info.plist */ = {isa = PBXFileReference; lastKnownFileType = text.plist.xml; path = Info.plist; sourceTree = "<group>"; };
		D76644A41D68525400838369 /* MainViewController.swift */ = {isa = PBXFileReference; fileEncoding = 4; lastKnownFileType = sourcecode.swift; path = MainViewController.swift; sourceTree = "<group>"; };
		D76644A61D6852B400838369 /* MainNavgationController.swift */ = {isa = PBXFileReference; fileEncoding = 4; lastKnownFileType = sourcecode.swift; path = MainNavgationController.swift; sourceTree = "<group>"; };
		D76644A81D68534800838369 /* BaseViewController.swift */ = {isa = PBXFileReference; fileEncoding = 4; lastKnownFileType = sourcecode.swift; path = BaseViewController.swift; sourceTree = "<group>"; };
		D76644AA1D68571500838369 /* HomeViewController.swift */ = {isa = PBXFileReference; fileEncoding = 4; lastKnownFileType = sourcecode.swift; path = HomeViewController.swift; sourceTree = "<group>"; };
		D76644AC1D68572100838369 /* DiscoverViewController.swift */ = {isa = PBXFileReference; fileEncoding = 4; lastKnownFileType = sourcecode.swift; path = DiscoverViewController.swift; sourceTree = "<group>"; };
		D76644AE1D68573700838369 /* MessageViewController.swift */ = {isa = PBXFileReference; fileEncoding = 4; lastKnownFileType = sourcecode.swift; path = MessageViewController.swift; sourceTree = "<group>"; };
		D76644B01D68574A00838369 /* ProfileViewController.swift */ = {isa = PBXFileReference; fileEncoding = 4; lastKnownFileType = sourcecode.swift; path = ProfileViewController.swift; sourceTree = "<group>"; };
		D76644B21D68980600838369 /* Storyboard.storyboard */ = {isa = PBXFileReference; fileEncoding = 4; lastKnownFileType = file.storyboard; path = Storyboard.storyboard; sourceTree = "<group>"; };
		D7FDDEB01D69D450005FB958 /* DemoViewController.swift */ = {isa = PBXFileReference; fileEncoding = 4; lastKnownFileType = sourcecode.swift; path = DemoViewController.swift; sourceTree = "<group>"; };
		D7FDDEB41D69F450005FB958 /* 微博-Bridging-Header.h */ = {isa = PBXFileReference; lastKnownFileType = sourcecode.c.h; path = "微博-Bridging-Header.h"; sourceTree = "<group>"; };
		D7FDDEB51D69F450005FB958 /* UIColor+CZAddition.h */ = {isa = PBXFileReference; fileEncoding = 4; lastKnownFileType = sourcecode.c.h; path = "UIColor+CZAddition.h"; sourceTree = "<group>"; };
		D7FDDEB61D69F450005FB958 /* UIColor+CZAddition.m */ = {isa = PBXFileReference; fileEncoding = 4; lastKnownFileType = sourcecode.c.objc; path = "UIColor+CZAddition.m"; sourceTree = "<group>"; };
/* End PBXFileReference section */

/* Begin PBXFrameworksBuildPhase section */
		D76644671D68225500838369 /* Frameworks */ = {
			isa = PBXFrameworksBuildPhase;
			buildActionMask = 2147483647;
			files = (
			);
			runOnlyForDeploymentPostprocessing = 0;
		};
		D766447B1D68225600838369 /* Frameworks */ = {
			isa = PBXFrameworksBuildPhase;
			buildActionMask = 2147483647;
			files = (
			);
			runOnlyForDeploymentPostprocessing = 0;
		};
		D76644861D68225600838369 /* Frameworks */ = {
			isa = PBXFrameworksBuildPhase;
			buildActionMask = 2147483647;
			files = (
			);
			runOnlyForDeploymentPostprocessing = 0;
		};
/* End PBXFrameworksBuildPhase section */

/* Begin PBXGroup section */
		D76644611D68225500838369 = {
			isa = PBXGroup;
			children = (
				D766446C1D68225500838369 /* 微博 */,
				D76644811D68225600838369 /* 微博Tests */,
				D766448C1D68225600838369 /* 微博UITests */,
				D766446B1D68225500838369 /* Products */,
			);
			sourceTree = "<group>";
		};
		D766446B1D68225500838369 /* Products */ = {
			isa = PBXGroup;
			children = (
				D766446A1D68225500838369 /* 微博.app */,
				D766447E1D68225600838369 /* 微博Tests.xctest */,
				D76644891D68225600838369 /* 微博UITests.xctest */,
			);
			name = Products;
			sourceTree = "<group>";
		};
		D766446C1D68225500838369 /* 微博 */ = {
			isa = PBXGroup;
			children = (
				D766449B1D68292B00838369 /* Classes */,
				D766446D1D68225600838369 /* AppDelegate.swift */,
				D7FDDEB51D69F450005FB958 /* UIColor+CZAddition.h */,
				D7FDDEB61D69F450005FB958 /* UIColor+CZAddition.m */,
				D7FDDEB41D69F450005FB958 /* 微博-Bridging-Header.h */,
				D76644741D68225600838369 /* Assets.xcassets */,
				D76644791D68225600838369 /* Info.plist */,
				D76644B21D68980600838369 /* Storyboard.storyboard */,
			);
			path = "微博";
			sourceTree = "<group>";
		};
		D76644811D68225600838369 /* 微博Tests */ = {
			isa = PBXGroup;
			children = (
				D76644821D68225600838369 /* __Tests.swift */,
				D76644841D68225600838369 /* Info.plist */,
			);
			path = "微博Tests";
			sourceTree = "<group>";
		};
		D766448C1D68225600838369 /* 微博UITests */ = {
			isa = PBXGroup;
			children = (
				D766448D1D68225600838369 /* __UITests.swift */,
				D766448F1D68225600838369 /* Info.plist */,
			);
			path = "微博UITests";
			sourceTree = "<group>";
		};
		D766449B1D68292B00838369 /* Classes */ = {
			isa = PBXGroup;
			children = (
				D766449C1D68294200838369 /* View */,
				D766449D1D68294D00838369 /* ViewModel */,
				D766449E1D68296000838369 /* Model */,
			);
			name = Classes;
			sourceTree = "<group>";
		};
		D766449C1D68294200838369 /* View */ = {
			isa = PBXGroup;
			children = (
				D76644A01D6829E900838369 /* Main */,
				D766449F1D6829CA00838369 /* Home */,
				D76644A11D6829FD00838369 /* Discover */,
				D76644A21D682A0D00838369 /* Message */,
				D76644A31D682A1500838369 /* profile */,
			);
			name = View;
			sourceTree = "<group>";
		};
		D766449D1D68294D00838369 /* ViewModel */ = {
			isa = PBXGroup;
			children = (
			);
			name = ViewModel;
			sourceTree = "<group>";
		};
		D766449E1D68296000838369 /* Model */ = {
			isa = PBXGroup;
			children = (
			);
			name = Model;
			sourceTree = "<group>";
		};
		D766449F1D6829CA00838369 /* Home */ = {
			isa = PBXGroup;
			children = (
				D76644AA1D68571500838369 /* HomeViewController.swift */,
			);
			name = Home;
			sourceTree = "<group>";
		};
		D76644A01D6829E900838369 /* Main */ = {
			isa = PBXGroup;
			children = (
				D7FDDEAF1D69D3F5005FB958 /* demo */,
				D76644A41D68525400838369 /* MainViewController.swift */,
				D76644A61D6852B400838369 /* MainNavgationController.swift */,
				D76644A81D68534800838369 /* BaseViewController.swift */,
			);
			name = Main;
			sourceTree = "<group>";
		};
		D76644A11D6829FD00838369 /* Discover */ = {
			isa = PBXGroup;
			children = (
				D76644AC1D68572100838369 /* DiscoverViewController.swift */,
			);
			name = Discover;
			sourceTree = "<group>";
		};
		D76644A21D682A0D00838369 /* Message */ = {
			isa = PBXGroup;
			children = (
				D76644AE1D68573700838369 /* MessageViewController.swift */,
			);
			name = Message;
			sourceTree = "<group>";
		};
		D76644A31D682A1500838369 /* profile */ = {
			isa = PBXGroup;
			children = (
				D76644B01D68574A00838369 /* ProfileViewController.swift */,
			);
			name = profile;
			sourceTree = "<group>";
		};
		D7FDDEAF1D69D3F5005FB958 /* demo */ = {
			isa = PBXGroup;
			children = (
				D7FDDEB01D69D450005FB958 /* DemoViewController.swift */,
			);
			name = demo;
			sourceTree = "<group>";
		};
/* End PBXGroup section */

/* Begin PBXNativeTarget section */
		D76644691D68225500838369 /* 微博 */ = {
			isa = PBXNativeTarget;
			buildConfigurationList = D76644921D68225600838369 /* Build configuration list for PBXNativeTarget "微博" */;
			buildPhases = (
				D76644661D68225500838369 /* Sources */,
				D76644671D68225500838369 /* Frameworks */,
				D76644681D68225500838369 /* Resources */,
			);
			buildRules = (
			);
			dependencies = (
			);
			name = "微博";
			productName = "微博";
			productReference = D766446A1D68225500838369 /* 微博.app */;
			productType = "com.apple.product-type.application";
		};
		D766447D1D68225600838369 /* 微博Tests */ = {
			isa = PBXNativeTarget;
			buildConfigurationList = D76644951D68225600838369 /* Build configuration list for PBXNativeTarget "微博Tests" */;
			buildPhases = (
				D766447A1D68225600838369 /* Sources */,
				D766447B1D68225600838369 /* Frameworks */,
				D766447C1D68225600838369 /* Resources */,
			);
			buildRules = (
			);
			dependencies = (
				D76644801D68225600838369 /* PBXTargetDependency */,
			);
			name = "微博Tests";
			productName = "微博Tests";
			productReference = D766447E1D68225600838369 /* 微博Tests.xctest */;
			productType = "com.apple.product-type.bundle.unit-test";
		};
		D76644881D68225600838369 /* 微博UITests */ = {
			isa = PBXNativeTarget;
			buildConfigurationList = D76644981D68225600838369 /* Build configuration list for PBXNativeTarget "微博UITests" */;
			buildPhases = (
				D76644851D68225600838369 /* Sources */,
				D76644861D68225600838369 /* Frameworks */,
				D76644871D68225600838369 /* Resources */,
			);
			buildRules = (
			);
			dependencies = (
				D766448B1D68225600838369 /* PBXTargetDependency */,
			);
			name = "微博UITests";
			productName = "微博UITests";
			productReference = D76644891D68225600838369 /* 微博UITests.xctest */;
			productType = "com.apple.product-type.bundle.ui-testing";
		};
/* End PBXNativeTarget section */

/* Begin PBXProject section */
		D76644621D68225500838369 /* Project object */ = {
			isa = PBXProject;
			attributes = {
				LastSwiftUpdateCheck = 0800;
				LastUpgradeCheck = 0800;
				ORGANIZATIONNAME = LGH;
				TargetAttributes = {
					D76644691D68225500838369 = {
						CreatedOnToolsVersion = 8.0;
						LastSwiftMigration = 0800;
						ProvisioningStyle = Automatic;
					};
					D766447D1D68225600838369 = {
						CreatedOnToolsVersion = 8.0;
						ProvisioningStyle = Automatic;
						TestTargetID = D76644691D68225500838369;
					};
					D76644881D68225600838369 = {
						CreatedOnToolsVersion = 8.0;
						ProvisioningStyle = Automatic;
						TestTargetID = D76644691D68225500838369;
					};
				};
			};
			buildConfigurationList = D76644651D68225500838369 /* Build configuration list for PBXProject "微博" */;
			compatibilityVersion = "Xcode 3.2";
			developmentRegion = English;
			hasScannedForEncodings = 0;
			knownRegions = (
				en,
				Base,
			);
			mainGroup = D76644611D68225500838369;
			productRefGroup = D766446B1D68225500838369 /* Products */;
			projectDirPath = "";
			projectRoot = "";
			targets = (
				D76644691D68225500838369 /* 微博 */,
				D766447D1D68225600838369 /* 微博Tests */,
				D76644881D68225600838369 /* 微博UITests */,
			);
		};
/* End PBXProject section */

/* Begin PBXResourcesBuildPhase section */
		D76644681D68225500838369 /* Resources */ = {
			isa = PBXResourcesBuildPhase;
			buildActionMask = 2147483647;
			files = (
				D76644751D68225600838369 /* Assets.xcassets in Resources */,
				D76644B31D68980600838369 /* Storyboard.storyboard in Resources */,
			);
			runOnlyForDeploymentPostprocessing = 0;
		};
		D766447C1D68225600838369 /* Resources */ = {
			isa = PBXResourcesBuildPhase;
			buildActionMask = 2147483647;
			files = (
			);
			runOnlyForDeploymentPostprocessing = 0;
		};
		D76644871D68225600838369 /* Resources */ = {
			isa = PBXResourcesBuildPhase;
			buildActionMask = 2147483647;
			files = (
			);
			runOnlyForDeploymentPostprocessing = 0;
		};
/* End PBXResourcesBuildPhase section */

/* Begin PBXSourcesBuildPhase section */
		D76644661D68225500838369 /* Sources */ = {
			isa = PBXSourcesBuildPhase;
			buildActionMask = 2147483647;
			files = (
				D7FDDEB71D69F450005FB958 /* UIColor+CZAddition.m in Sources */,
				D76644AB1D68571500838369 /* HomeViewController.swift in Sources */,
				D76644A71D6852B400838369 /* MainNavgationController.swift in Sources */,
				D76644A91D68534800838369 /* BaseViewController.swift in Sources */,
				D76644AD1D68572100838369 /* DiscoverViewController.swift in Sources */,
				D766446E1D68225600838369 /* AppDelegate.swift in Sources */,
				D76644A51D68525400838369 /* MainViewController.swift in Sources */,
				D76644B11D68574A00838369 /* ProfileViewController.swift in Sources */,
				D76644AF1D68573700838369 /* MessageViewController.swift in Sources */,
				D7FDDEB11D69D450005FB958 /* DemoViewController.swift in Sources */,
			);
			runOnlyForDeploymentPostprocessing = 0;
		};
		D766447A1D68225600838369 /* Sources */ = {
			isa = PBXSourcesBuildPhase;
			buildActionMask = 2147483647;
			files = (
				D76644831D68225600838369 /* __Tests.swift in Sources */,
			);
			runOnlyForDeploymentPostprocessing = 0;
		};
		D76644851D68225600838369 /* Sources */ = {
			isa = PBXSourcesBuildPhase;
			buildActionMask = 2147483647;
			files = (
				D766448E1D68225600838369 /* __UITests.swift in Sources */,
			);
			runOnlyForDeploymentPostprocessing = 0;
		};
/* End PBXSourcesBuildPhase section */

/* Begin PBXTargetDependency section */
		D76644801D68225600838369 /* PBXTargetDependency */ = {
			isa = PBXTargetDependency;
			target = D76644691D68225500838369 /* 微博 */;
			targetProxy = D766447F1D68225600838369 /* PBXContainerItemProxy */;
		};
		D766448B1D68225600838369 /* PBXTargetDependency */ = {
			isa = PBXTargetDependency;
			target = D76644691D68225500838369 /* 微博 */;
			targetProxy = D766448A1D68225600838369 /* PBXContainerItemProxy */;
		};
/* End PBXTargetDependency section */

/* Begin XCBuildConfiguration section */
		D76644901D68225600838369 /* Debug */ = {
			isa = XCBuildConfiguration;
			buildSettings = {
				ALWAYS_SEARCH_USER_PATHS = NO;
				CLANG_ANALYZER_NONNULL = YES;
				CLANG_CXX_LANGUAGE_STANDARD = "gnu++0x";
				CLANG_CXX_LIBRARY = "libc++";
				CLANG_ENABLE_MODULES = YES;
				CLANG_ENABLE_OBJC_ARC = YES;
				CLANG_WARN_BOOL_CONVERSION = YES;
				CLANG_WARN_CONSTANT_CONVERSION = YES;
				CLANG_WARN_DIRECT_OBJC_ISA_USAGE = YES_ERROR;
				CLANG_WARN_DOCUMENTATION_COMMENTS = YES;
				CLANG_WARN_EMPTY_BODY = YES;
				CLANG_WARN_ENUM_CONVERSION = YES;
				CLANG_WARN_INFINITE_RECURSION = YES;
				CLANG_WARN_INT_CONVERSION = YES;
				CLANG_WARN_OBJC_ROOT_CLASS = YES_ERROR;
				CLANG_WARN_SUSPICIOUS_MOVES = YES;
				CLANG_WARN_UNREACHABLE_CODE = YES;
				CLANG_WARN__DUPLICATE_METHOD_MATCH = YES;
				"CODE_SIGN_IDENTITY[sdk=iphoneos*]" = "iPhone Developer";
				COPY_PHASE_STRIP = NO;
				DEBUG_INFORMATION_FORMAT = dwarf;
				ENABLE_STRICT_OBJC_MSGSEND = YES;
				ENABLE_TESTABILITY = YES;
				GCC_C_LANGUAGE_STANDARD = gnu99;
				GCC_DYNAMIC_NO_PIC = NO;
				GCC_NO_COMMON_BLOCKS = YES;
				GCC_OPTIMIZATION_LEVEL = 0;
				GCC_PREPROCESSOR_DEFINITIONS = (
					"DEBUG=1",
					"$(inherited)",
				);
				GCC_WARN_64_TO_32_BIT_CONVERSION = YES;
				GCC_WARN_ABOUT_RETURN_TYPE = YES_ERROR;
				GCC_WARN_UNDECLARED_SELECTOR = YES;
				GCC_WARN_UNINITIALIZED_AUTOS = YES_AGGRESSIVE;
				GCC_WARN_UNUSED_FUNCTION = YES;
				GCC_WARN_UNUSED_VARIABLE = YES;
				IPHONEOS_DEPLOYMENT_TARGET = 10.0;
				MTL_ENABLE_DEBUG_INFO = YES;
				ONLY_ACTIVE_ARCH = YES;
				SDKROOT = iphoneos;
				SWIFT_ACTIVE_COMPILATION_CONDITIONS = DEBUG;
				SWIFT_OPTIMIZATION_LEVEL = "-Onone";
			};
			name = Debug;
		};
		D76644911D68225600838369 /* Release */ = {
			isa = XCBuildConfiguration;
			buildSettings = {
				ALWAYS_SEARCH_USER_PATHS = NO;
				CLANG_ANALYZER_NONNULL = YES;
				CLANG_CXX_LANGUAGE_STANDARD = "gnu++0x";
				CLANG_CXX_LIBRARY = "libc++";
				CLANG_ENABLE_MODULES = YES;
				CLANG_ENABLE_OBJC_ARC = YES;
				CLANG_WARN_BOOL_CONVERSION = YES;
				CLANG_WARN_CONSTANT_CONVERSION = YES;
				CLANG_WARN_DIRECT_OBJC_ISA_USAGE = YES_ERROR;
				CLANG_WARN_DOCUMENTATION_COMMENTS = YES;
				CLANG_WARN_EMPTY_BODY = YES;
				CLANG_WARN_ENUM_CONVERSION = YES;
				CLANG_WARN_INFINITE_RECURSION = YES;
				CLANG_WARN_INT_CONVERSION = YES;
				CLANG_WARN_OBJC_ROOT_CLASS = YES_ERROR;
				CLANG_WARN_SUSPICIOUS_MOVES = YES;
				CLANG_WARN_UNREACHABLE_CODE = YES;
				CLANG_WARN__DUPLICATE_METHOD_MATCH = YES;
				"CODE_SIGN_IDENTITY[sdk=iphoneos*]" = "iPhone Developer";
				COPY_PHASE_STRIP = NO;
				DEBUG_INFORMATION_FORMAT = "dwarf-with-dsym";
				ENABLE_NS_ASSERTIONS = NO;
				ENABLE_STRICT_OBJC_MSGSEND = YES;
				GCC_C_LANGUAGE_STANDARD = gnu99;
				GCC_NO_COMMON_BLOCKS = YES;
				GCC_WARN_64_TO_32_BIT_CONVERSION = YES;
				GCC_WARN_ABOUT_RETURN_TYPE = YES_ERROR;
				GCC_WARN_UNDECLARED_SELECTOR = YES;
				GCC_WARN_UNINITIALIZED_AUTOS = YES_AGGRESSIVE;
				GCC_WARN_UNUSED_FUNCTION = YES;
				GCC_WARN_UNUSED_VARIABLE = YES;
				IPHONEOS_DEPLOYMENT_TARGET = 10.0;
				MTL_ENABLE_DEBUG_INFO = NO;
				SDKROOT = iphoneos;
				SWIFT_OPTIMIZATION_LEVEL = "-Owholemodule";
				VALIDATE_PRODUCT = YES;
			};
			name = Release;
		};
		D76644931D68225600838369 /* Debug */ = {
			isa = XCBuildConfiguration;
			buildSettings = {
				ASSETCATALOG_COMPILER_APPICON_NAME = AppIcon;
				ASSETCATALOG_COMPILER_LAUNCHIMAGE_NAME = LaunchImage;
				CLANG_ENABLE_MODULES = YES;
				INFOPLIST_FILE = "微博/Info.plist";
				IPHONEOS_DEPLOYMENT_TARGET = 8.0;
				LD_RUNPATH_SEARCH_PATHS = "$(inherited) @executable_path/Frameworks";
				PRODUCT_BUNDLE_IDENTIFIER = "IBMChina.--";
				PRODUCT_NAME = "$(TARGET_NAME)";
				SWIFT_OBJC_BRIDGING_HEADER = "微博/微博-Bridging-Header.h";
				SWIFT_OPTIMIZATION_LEVEL = "-Onone";
				SWIFT_VERSION = 3.0;
			};
			name = Debug;
		};
		D76644941D68225600838369 /* Release */ = {
			isa = XCBuildConfiguration;
			buildSettings = {
				ASSETCATALOG_COMPILER_APPICON_NAME = AppIcon;
				ASSETCATALOG_COMPILER_LAUNCHIMAGE_NAME = LaunchImage;
				CLANG_ENABLE_MODULES = YES;
				INFOPLIST_FILE = "微博/Info.plist";
				IPHONEOS_DEPLOYMENT_TARGET = 8.0;
				LD_RUNPATH_SEARCH_PATHS = "$(inherited) @executable_path/Frameworks";
				PRODUCT_BUNDLE_IDENTIFIER = "IBMChina.--";
				PRODUCT_NAME = "$(TARGET_NAME)";
				SWIFT_OBJC_BRIDGING_HEADER = "微博/微博-Bridging-Header.h";
				SWIFT_VERSION = 3.0;
			};
			name = Release;
		};
		D76644961D68225600838369 /* Debug */ = {
			isa = XCBuildConfiguration;
			buildSettings = {
				ALWAYS_EMBED_SWIFT_STANDARD_LIBRARIES = YES;
				BUNDLE_LOADER = "$(TEST_HOST)";
				INFOPLIST_FILE = "微博Tests/Info.plist";
				LD_RUNPATH_SEARCH_PATHS = "$(inherited) @executable_path/Frameworks @loader_path/Frameworks";
				PRODUCT_BUNDLE_IDENTIFIER = "IBMChina.--Tests";
				PRODUCT_NAME = "$(TARGET_NAME)";
				SWIFT_VERSION = 3.0;
				TEST_HOST = "$(BUILT_PRODUCTS_DIR)/微博.app/微博";
			};
			name = Debug;
		};
		D76644971D68225600838369 /* Release */ = {
			isa = XCBuildConfiguration;
			buildSettings = {
				ALWAYS_EMBED_SWIFT_STANDARD_LIBRARIES = YES;
				BUNDLE_LOADER = "$(TEST_HOST)";
				INFOPLIST_FILE = "微博Tests/Info.plist";
				LD_RUNPATH_SEARCH_PATHS = "$(inherited) @executable_path/Frameworks @loader_path/Frameworks";
				PRODUCT_BUNDLE_IDENTIFIER = "IBMChina.--Tests";
				PRODUCT_NAME = "$(TARGET_NAME)";
				SWIFT_VERSION = 3.0;
				TEST_HOST = "$(BUILT_PRODUCTS_DIR)/微博.app/微博";
			};
			name = Release;
		};
		D76644991D68225600838369 /* Debug */ = {
			isa = XCBuildConfiguration;
			buildSettings = {
				ALWAYS_EMBED_SWIFT_STANDARD_LIBRARIES = YES;
				INFOPLIST_FILE = "微博UITests/Info.plist";
				LD_RUNPATH_SEARCH_PATHS = "$(inherited) @executable_path/Frameworks @loader_path/Frameworks";
				PRODUCT_BUNDLE_IDENTIFIER = "IBMChina.--UITests";
				PRODUCT_NAME = "$(TARGET_NAME)";
				SWIFT_VERSION = 3.0;
				TEST_TARGET_NAME = "微博";
			};
			name = Debug;
		};
		D766449A1D68225600838369 /* Release */ = {
			isa = XCBuildConfiguration;
			buildSettings = {
				ALWAYS_EMBED_SWIFT_STANDARD_LIBRARIES = YES;
				INFOPLIST_FILE = "微博UITests/Info.plist";
				LD_RUNPATH_SEARCH_PATHS = "$(inherited) @executable_path/Frameworks @loader_path/Frameworks";
				PRODUCT_BUNDLE_IDENTIFIER = "IBMChina.--UITests";
				PRODUCT_NAME = "$(TARGET_NAME)";
				SWIFT_VERSION = 3.0;
				TEST_TARGET_NAME = "微博";
			};
			name = Release;
		};
/* End XCBuildConfiguration section */

/* Begin XCConfigurationList section */
		D76644651D68225500838369 /* Build configuration list for PBXProject "微博" */ = {
			isa = XCConfigurationList;
			buildConfigurations = (
				D76644901D68225600838369 /* Debug */,
				D76644911D68225600838369 /* Release */,
			);
			defaultConfigurationIsVisible = 0;
			defaultConfigurationName = Release;
		};
		D76644921D68225600838369 /* Build configuration list for PBXNativeTarget "微博" */ = {
			isa = XCConfigurationList;
			buildConfigurations = (
				D76644931D68225600838369 /* Debug */,
				D76644941D68225600838369 /* Release */,
			);
			defaultConfigurationIsVisible = 0;
			defaultConfigurationName = Release;
		};
		D76644951D68225600838369 /* Build configuration list for PBXNativeTarget "微博Tests" */ = {
			isa = XCConfigurationList;
			buildConfigurations = (
				D76644961D68225600838369 /* Debug */,
				D76644971D68225600838369 /* Release */,
			);
			defaultConfigurationIsVisible = 0;
			defaultConfigurationName = Release;
		};
		D76644981D68225600838369 /* Build configuration list for PBXNativeTarget "微博UITests" */ = {
			isa = XCConfigurationList;
			buildConfigurations = (
				D76644991D68225600838369 /* Debug */,
				D766449A1D68225600838369 /* Release */,
			);
			defaultConfigurationIsVisible = 0;
			defaultConfigurationName = Release;
		};
/* End XCConfigurationList section */
	};
	rootObject = D76644621D68225500838369 /* Project object */;
}
